dependencies:
- name: wandb-base
  repository: https://charts.wandb.ai/
  version: 0.11.8
- name: mysql-operator
  repository: https://mysql.github.io/mysql-operator/
  version: 2.2.7
- name: redis-operator
  repository: https://ot-container-kit.github.io/helm-charts
  version: 0.22.2
- name: strimzi-kafka-operator
  repository: https://strimzi.io/charts
  version: 0.50.0
- name: operator
  repository: https://operator.min.io
  version: 7.1.1
- name: altinity-clickhouse-operator
  repository: https://helm.altinity.com
  version: 0.25.6
- name: victoria-metrics-operator
  repository: https://victoriametrics.github.io/helm-charts/
  version: 0.58.1
- name: grafana-operator
  repository: https://grafana.github.io/helm-charts
  version: 5.21.4
- name: telemetry
  repository: file://../telemetry
  version: 0.1.0
digest: sha256:f3b1e47f9d0a92bb2cad70cd8e63087543a78ed19d8757cd9f6572c6d1ef10c9
generated: "2026-04-09T10:05:37.138633-07:00"
