dependencies:
- name: wandb-base
  repository: https://charts.wandb.ai/
  version: 0.11.8
- name: moco
  repository: https://cybozu-go.github.io/moco/
  version: 0.24.0
- name: redis-operator
  repository: https://ot-container-kit.github.io/helm-charts
  version: 0.22.2
- name: strimzi-kafka-operator
  repository: https://strimzi.io/charts
  version: 0.50.0
- name: seaweedfs-operator
  repository: https://seaweedfs.github.io/seaweedfs-operator/
  version: 0.1.24
- name: prometheus-operator-crds
  repository: https://prometheus-community.github.io/helm-charts
  version: 29.0.0
- name: altinity-clickhouse-operator
  repository: https://helm.altinity.com
  version: 0.26.3
- name: victoria-metrics-operator
  repository: https://victoriametrics.github.io/helm-charts/
  version: 0.58.1
- name: grafana-operator
  repository: https://grafana.github.io/helm-charts
  version: 5.21.4
- name: telemetry
  repository: file://../telemetry
  version: 0.1.0
digest: sha256:f306c326d17fe82a0c6c138a9588016726b33aeb40211ccfe1f31f0ca20c9e90
generated: "2026-06-10T16:25:54.554677-07:00"
